<Solution>
  <Folder Name="/Infrastructure/">
    <Project Path="Infrastructure/EventBus.Messages/EventBus.Messages.csproj" Id="2fa3063e-38c1-4b04-a7f8-c76b9d8b6075" />
  </Folder>
  <Folder Name="/Services/" />
  <Folder Name="/Services/Basket/">
    <Project Path="Services/Basket/Basket.API/Basket.API.csproj" Id="01651e10-ed5c-4675-a5c4-24f8e1431779" />
    <Project Path="Services/Basket/Basket.Application/Basket.Application.csproj" Id="a1e3d89c-55e5-477f-a575-1d09df041cfc" />
    <Project Path="Services/Basket/Basket.Core/Basket.Core.csproj" Id="d4f6880e-e190-45cf-ae48-bfa701e226c5" />
    <Project Path="Services/Basket/Basket.Infrastructure/Basket.Infrastructure.csproj" Id="181d76d7-76c8-4744-a70b-9542f54fee4d" />
  </Folder>
  <Folder Name="/Services/Catalog/">
    <Project Path="Services/Catalog/Catalog.API/Catalog.API.csproj" Id="0770d3cc-357a-4f95-8cb2-55a01ff49d90" />
    <Project Path="Services/Catalog/Catalog.Application/Catalog.Application.csproj" Id="2d40fb05-5e4a-4aad-8977-b699badd08ae" />
    <Project Path="Services/Catalog/Catalog.Core/Catalog.Core.csproj" Id="1e89fec0-0e3f-46ee-be28-a0e3b9484773" />
    <Project Path="Services/Catalog/Catalog.Infrastructure/Catalog.Infrastructure.csproj" Id="784a5d5c-3d31-4c71-8adc-dd917907209b" />
  </Folder>
  <Folder Name="/Services/Discount/">
    <Project Path="Services/Discount/Discount.API/Discount.API.csproj" Id="f225e311-b2f6-4771-9b34-b2fafee9d884" />
    <Project Path="Services/Discount/Discount.Application/Discount.Application.csproj" Id="25742ac4-fa90-4a8b-a031-85ec9dd6354e" />
    <Project Path="Services/Discount/Discount.Core/Discount.Core.csproj" Id="27ad2902-debb-406a-ab10-ef6bcb1d5851" />
    <Project Path="Services/Discount/Discount.Infrastructure/Discount.Infrastructure.csproj" Id="b7cfb33d-d9a9-486e-bfa7-0733c4a50504" />
  </Folder>
  <Folder Name="/Services/Ordering/">
    <Project Path="Services/Ordering/Ordering.API/Ordering.API.csproj" Id="633ab5a9-da85-4402-b821-ac672e1efeb7" />
    <Project Path="Services/Ordering/Ordering.Application/Ordering.Application.csproj" Id="cc487f63-3910-421c-b980-630aa1db19bb" />
    <Project Path="Services/Ordering/Ordering.Core/Ordering.Core.csproj" Id="3db1b52c-da14-4852-9f14-251d05562fc5" />
    <Project Path="Services/Ordering/Ordering.Infrastructure/Ordering.Infrastructure.csproj" />
  </Folder>
  <Folder Name="/Solution Items/">
    <File Path=".editorconfig" />
  </Folder>
  <Project Path="docker-compose.dcproj">
    <Build />
  </Project>
</Solution>
